
Microsoft Visual Studio Solution File, Format Version 12.00
# Visual Studio Version 17
VisualStudioVersion = 17.0.32014.148
MinimumVisualStudioVersion = 10.0.40219.1
Project("{9A19103F-16F7-4668-BE54-9A1E7A4F7556}") = "Identity_Service_API", "Identity_Service_API\Identity_Service_API.csproj", "{DD6D3330-A703-4BD8-919E-1E59F1D1DB6D}"
EndProject
Project("{9A19103F-16F7-4668-BE54-9A1E7A4F7556}") = "ApplicationCore", "ApplicationCore\ApplicationCore.csproj", "{86DB3EC2-7AAB-43F2-8509-ED7FE92569BF}"
EndProject
Project("{9A19103F-16F7-4668-BE54-9A1E7A4F7556}") = "ApplicationInfrastructure", "ApplicationInfrastructure\ApplicationInfrastructure.csproj", "{D57F4FE3-D9D6-4EC8-8C7D-556C8569742F}"
EndProject
Global
	GlobalSection(SolutionConfigurationPlatforms) = preSolution
		Debug|Any CPU = Debug|Any CPU
		Release|Any CPU = Release|Any CPU
	EndGlobalSection
	GlobalSection(ProjectConfigurationPlatforms) = postSolution
		{DD6D3330-A703-4BD8-919E-1E59F1D1DB6D}.Debug|Any CPU.ActiveCfg = Debug|Any CPU
		{DD6D3330-A703-4BD8-919E-1E59F1D1DB6D}.Debug|Any CPU.Build.0 = Debug|Any CPU
		{DD6D3330-A703-4BD8-919E-1E59F1D1DB6D}.Release|Any CPU.ActiveCfg = Release|Any CPU
		{DD6D3330-A703-4BD8-919E-1E59F1D1DB6D}.Release|Any CPU.Build.0 = Release|Any CPU
		{86DB3EC2-7AAB-43F2-8509-ED7FE92569BF}.Debug|Any CPU.ActiveCfg = Debug|Any CPU
		{86DB3EC2-7AAB-43F2-8509-ED7FE92569BF}.Debug|Any CPU.Build.0 = Debug|Any CPU
		{86DB3EC2-7AAB-43F2-8509-ED7FE92569BF}.Release|Any CPU.ActiveCfg = Release|Any CPU
		{86DB3EC2-7AAB-43F2-8509-ED7FE92569BF}.Release|Any CPU.Build.0 = Release|Any CPU
		{D57F4FE3-D9D6-4EC8-8C7D-556C8569742F}.Debug|Any CPU.ActiveCfg = Debug|Any CPU
		{D57F4FE3-D9D6-4EC8-8C7D-556C8569742F}.Debug|Any CPU.Build.0 = Debug|Any CPU
		{D57F4FE3-D9D6-4EC8-8C7D-556C8569742F}.Release|Any CPU.ActiveCfg = Release|Any CPU
		{D57F4FE3-D9D6-4EC8-8C7D-556C8569742F}.Release|Any CPU.Build.0 = Release|Any CPU
	EndGlobalSection
	GlobalSection(SolutionProperties) = preSolution
		HideSolutionNode = FALSE
	EndGlobalSection
	GlobalSection(ExtensibilityGlobals) = postSolution
		SolutionGuid = {9AC3B32D-CB4B-45F4-8F59-74F386BF0B09}
	EndGlobalSection
EndGlobal
